Microsoft Visual Studio Solution File, Format Version 11.00
# Visual Studio 2010
Project("{FAE04EC0-301F-11D3-BF4B-00C04F79EFBC}") = "Assembly-CSharp-firstpass", "Assembly-CSharp-firstpass.csproj", "{FDD69A2F-6EBB-0869-5242-F81232D450AB}"
EndProject
Project("{FAE04EC0-301F-11D3-BF4B-00C04F79EFBC}") = "Assembly-CSharp-Editor", "Assembly-CSharp-Editor.csproj", "{3DD9D051-3763-7547-241F-6E02305A757A}"
EndProject
Global
	GlobalSection(SolutionConfigurationPlatforms) = preSolution
		Debug|Any CPU = Debug|Any CPU
		Release|Any CPU = Release|Any CPU
	EndGlobalSection
	GlobalSection(ProjectConfigurationPlatforms) = postSolution
		{FDD69A2F-6EBB-0869-5242-F81232D450AB}.Debug|Any CPU.ActiveCfg = Debug|Any CPU
		{FDD69A2F-6EBB-0869-5242-F81232D450AB}.Debug|Any CPU.Build.0 = Debug|Any CPU
		{FDD69A2F-6EBB-0869-5242-F81232D450AB}.Release|Any CPU.ActiveCfg = Release|Any CPU
		{FDD69A2F-6EBB-0869-5242-F81232D450AB}.Release|Any CPU.Build.0 = Release|Any CPU
		{3DD9D051-3763-7547-241F-6E02305A757A}.Debug|Any CPU.ActiveCfg = Debug|Any CPU
		{3DD9D051-3763-7547-241F-6E02305A757A}.Debug|Any CPU.Build.0 = Debug|Any CPU
		{3DD9D051-3763-7547-241F-6E02305A757A}.Release|Any CPU.ActiveCfg = Release|Any CPU
		{3DD9D051-3763-7547-241F-6E02305A757A}.Release|Any CPU.Build.0 = Release|Any CPU
	EndGlobalSection
	GlobalSection(SolutionProperties) = preSolution
		HideSolutionNode = FALSE
	EndGlobalSection
	GlobalSection(MonoDevelopProperties) = preSolution
		StartupItem = Assembly-CSharp.csproj
	EndGlobalSection
EndGlobal
